// !$*UTF8*$!
{
	archiveVersion = 1;
	classes = {
	};
	objectVersion = 50;
	objects = {

/* Begin PBXBuildFile section */
		1FB90AC8261445E800C28DD1 /* AppDelegate.swift in Sources */ = {isa = PBXBuildFile; fileRef = 1FB90AC7261445E800C28DD1 /* AppDelegate.swift */; };
		1FB90ACA261445E800C28DD1 /* SceneDelegate.swift in Sources */ = {isa = PBXBuildFile; fileRef = 1FB90AC9261445E800C28DD1 /* SceneDelegate.swift */; };
		1FB90ACC261445E800C28DD1 /* ViewController.swift in Sources */ = {isa = PBXBuildFile; fileRef = 1FB90ACB261445E800C28DD1 /* ViewController.swift */; };
		1FB90ACF261445E800C28DD1 /* Main.storyboard in Resources */ = {isa = PBXBuildFile; fileRef = 1FB90ACD261445E800C28DD1 /* Main.storyboard */; };
		1FB90AD1261445EA00C28DD1 /* Assets.xcassets in Resources */ = {isa = PBXBuildFile; fileRef = 1FB90AD0261445EA00C28DD1 /* Assets.xcassets */; };
		1FB90AD4261445EA00C28DD1 /* LaunchScreen.storyboard in Resources */ = {isa = PBXBuildFile; fileRef = 1FB90AD2261445EA00C28DD1 /* LaunchScreen.storyboard */; };
		1FB90AE12614460400C28DD1 /* ShaderUtil.swift in Sources */ = {isa = PBXBuildFile; fileRef = 1FB90ADD2614460400C28DD1 /* ShaderUtil.swift */; };
		1FB90AE22614460400C28DD1 /* vert.vsh in Resources */ = {isa = PBXBuildFile; fileRef = 1FB90ADE2614460400C28DD1 /* vert.vsh */; };
		1FB90AE32614460400C28DD1 /* frag.fsh in Resources */ = {isa = PBXBuildFile; fileRef = 1FB90ADF2614460400C28DD1 /* frag.fsh */; };
		1FB90AE42614460400C28DD1 /* OpenGLESView.swift in Sources */ = {isa = PBXBuildFile; fileRef = 1FB90AE02614460400C28DD1 /* OpenGLESView.swift */; };
		1FB90AE72614474400C28DD1 /* local_2.jpeg in Resources */ = {isa = PBXBuildFile; fileRef = 1FB90AE62614474400C28DD1 /* local_2.jpeg */; };
/* End PBXBuildFile section */

/* Begin PBXFileReference section */
		1FB90AC4261445E800C28DD1 /* OpenGLES05-纹理贴图.app */ = {isa = PBXFileReference; explicitFileType = wrapper.application; includeInIndex = 0; path = "OpenGLES05-纹理贴图.app"; sourceTree = BUILT_PRODUCTS_DIR; };
		1FB90AC7261445E800C28DD1 /* AppDelegate.swift */ = {isa = PBXFileReference; lastKnownFileType = sourcecode.swift; path = AppDelegate.swift; sourceTree = "<group>"; };
		1FB90AC9261445E800C28DD1 /* SceneDelegate.swift */ = {isa = PBXFileReference; lastKnownFileType = sourcecode.swift; path = SceneDelegate.swift; sourceTree = "<group>"; };
		1FB90ACB261445E800C28DD1 /* ViewController.swift */ = {isa = PBXFileReference; lastKnownFileType = sourcecode.swift; path = ViewController.swift; sourceTree = "<group>"; };
		1FB90ACE261445E800C28DD1 /* Base */ = {isa = PBXFileReference; lastKnownFileType = file.storyboard; name = Base; path = Base.lproj/Main.storyboard; sourceTree = "<group>"; };
		1FB90AD0261445EA00C28DD1 /* Assets.xcassets */ = {isa = PBXFileReference; lastKnownFileType = folder.assetcatalog; path = Assets.xcassets; sourceTree = "<group>"; };
		1FB90AD3261445EA00C28DD1 /* Base */ = {isa = PBXFileReference; lastKnownFileType = file.storyboard; name = Base; path = Base.lproj/LaunchScreen.storyboard; sourceTree = "<group>"; };
		1FB90AD5261445EA00C28DD1 /* Info.plist */ = {isa = PBXFileReference; lastKnownFileType = text.plist.xml; path = Info.plist; sourceTree = "<group>"; };
		1FB90ADD2614460400C28DD1 /* ShaderUtil.swift */ = {isa = PBXFileReference; fileEncoding = 4; lastKnownFileType = sourcecode.swift; path = ShaderUtil.swift; sourceTree = "<group>"; };
		1FB90ADE2614460400C28DD1 /* vert.vsh */ = {isa = PBXFileReference; fileEncoding = 4; lastKnownFileType = sourcecode.glsl; path = vert.vsh; sourceTree = "<group>"; };
		1FB90ADF2614460400C28DD1 /* frag.fsh */ = {isa = PBXFileReference; fileEncoding = 4; lastKnownFileType = sourcecode.glsl; path = frag.fsh; sourceTree = "<group>"; };
		1FB90AE02614460400C28DD1 /* OpenGLESView.swift */ = {isa = PBXFileReference; fileEncoding = 4; lastKnownFileType = sourcecode.swift; path = OpenGLESView.swift; sourceTree = "<group>"; };
		1FB90AE62614474400C28DD1 /* local_2.jpeg */ = {isa = PBXFileReference; lastKnownFileType = image.jpeg; path = local_2.jpeg; sourceTree = "<group>"; };
/* End PBXFileReference section */

/* Begin PBXFrameworksBuildPhase section */
		1FB90AC1261445E800C28DD1 /* Frameworks */ = {
			isa = PBXFrameworksBuildPhase;
			buildActionMask = 2147483647;
			files = (
			);
			runOnlyForDeploymentPostprocessing = 0;
		};
/* End PBXFrameworksBuildPhase section */

/* Begin PBXGroup section */
		1FB90ABB261445E800C28DD1 = {
			isa = PBXGroup;
			children = (
				1FB90AC6261445E800C28DD1 /* OpenGLES05-纹理贴图 */,
				1FB90AC5261445E800C28DD1 /* Products */,
			);
			sourceTree = "<group>";
		};
		1FB90AC5261445E800C28DD1 /* Products */ = {
			isa = PBXGroup;
			children = (
				1FB90AC4261445E800C28DD1 /* OpenGLES05-纹理贴图.app */,
			);
			name = Products;
			sourceTree = "<group>";
		};
		1FB90AC6261445E800C28DD1 /* OpenGLES05-纹理贴图 */ = {
			isa = PBXGroup;
			children = (
				1FB90AC7261445E800C28DD1 /* AppDelegate.swift */,
				1FB90AC9261445E800C28DD1 /* SceneDelegate.swift */,
				1FB90ACB261445E800C28DD1 /* ViewController.swift */,
				1FB90AE02614460400C28DD1 /* OpenGLESView.swift */,
				1FB90AE62614474400C28DD1 /* local_2.jpeg */,
				1FB90ADC2614460400C28DD1 /* Shader */,
				1FB90ACD261445E800C28DD1 /* Main.storyboard */,
				1FB90AD0261445EA00C28DD1 /* Assets.xcassets */,
				1FB90AD2261445EA00C28DD1 /* LaunchScreen.storyboard */,
				1FB90AD5261445EA00C28DD1 /* Info.plist */,
			);
			path = "OpenGLES05-纹理贴图";
			sourceTree = "<group>";
		};
		1FB90ADC2614460400C28DD1 /* Shader */ = {
			isa = PBXGroup;
			children = (
				1FB90ADD2614460400C28DD1 /* ShaderUtil.swift */,
				1FB90ADE2614460400C28DD1 /* vert.vsh */,
				1FB90ADF2614460400C28DD1 /* frag.fsh */,
			);
			path = Shader;
			sourceTree = "<group>";
		};
/* End PBXGroup section */

/* Begin PBXNativeTarget section */
		1FB90AC3261445E800C28DD1 /* OpenGLES05-纹理贴图 */ = {
			isa = PBXNativeTarget;
			buildConfigurationList = 1FB90AD8261445EA00C28DD1 /* Build configuration list for PBXNativeTarget "OpenGLES05-纹理贴图" */;
			buildPhases = (
				1FB90AC0261445E800C28DD1 /* Sources */,
				1FB90AC1261445E800C28DD1 /* Frameworks */,
				1FB90AC2261445E800C28DD1 /* Resources */,
			);
			buildRules = (
			);
			dependencies = (
			);
			name = "OpenGLES05-纹理贴图";
			productName = "OpenGLES05-纹理贴图";
			productReference = 1FB90AC4261445E800C28DD1 /* OpenGLES05-纹理贴图.app */;
			productType = "com.apple.product-type.application";
		};
/* End PBXNativeTarget section */

/* Begin PBXProject section */
		1FB90ABC261445E800C28DD1 /* Project object */ = {
			isa = PBXProject;
			attributes = {
				LastSwiftUpdateCheck = 1240;
				LastUpgradeCheck = 1240;
				TargetAttributes = {
					1FB90AC3261445E800C28DD1 = {
						CreatedOnToolsVersion = 12.4;
					};
				};
			};
			buildConfigurationList = 1FB90ABF261445E800C28DD1 /* Build configuration list for PBXProject "OpenGLES05-纹理贴图" */;
			compatibilityVersion = "Xcode 9.3";
			developmentRegion = en;
			hasScannedForEncodings = 0;
			knownRegions = (
				en,
				Base,
			);
			mainGroup = 1FB90ABB261445E800C28DD1;
			productRefGroup = 1FB90AC5261445E800C28DD1 /* Products */;
			projectDirPath = "";
			projectRoot = "";
			targets = (
				1FB90AC3261445E800C28DD1 /* OpenGLES05-纹理贴图 */,
			);
		};
/* End PBXProject section */

/* Begin PBXResourcesBuildPhase section */
		1FB90AC2261445E800C28DD1 /* Resources */ = {
			isa = PBXResourcesBuildPhase;
			buildActionMask = 2147483647;
			files = (
				1FB90AE72614474400C28DD1 /* local_2.jpeg in Resources */,
				1FB90AE22614460400C28DD1 /* vert.vsh in Resources */,
				1FB90AD4261445EA00C28DD1 /* LaunchScreen.storyboard in Resources */,
				1FB90AD1261445EA00C28DD1 /* Assets.xcassets in Resources */,
				1FB90AE32614460400C28DD1 /* frag.fsh in Resources */,
				1FB90ACF261445E800C28DD1 /* Main.storyboard in Resources */,
			);
			runOnlyForDeploymentPostprocessing = 0;
		};
/* End PBXResourcesBuildPhase section */

/* Begin PBXSourcesBuildPhase section */
		1FB90AC0261445E800C28DD1 /* Sources */ = {
			isa = PBXSourcesBuildPhase;
			buildActionMask = 2147483647;
			files = (
				1FB90AE12614460400C28DD1 /* ShaderUtil.swift in Sources */,
				1FB90ACC261445E800C28DD1 /* ViewController.swift in Sources */,
				1FB90AE42614460400C28DD1 /* OpenGLESView.swift in Sources */,
				1FB90AC8261445E800C28DD1 /* AppDelegate.swift in Sources */,
				1FB90ACA261445E800C28DD1 /* SceneDelegate.swift in Sources */,
			);
			runOnlyForDeploymentPostprocessing = 0;
		};
/* End PBXSourcesBuildPhase section */

/* Begin PBXVariantGroup section */
		1FB90ACD261445E800C28DD1 /* Main.storyboard */ = {
			isa = PBXVariantGroup;
			children = (
				1FB90ACE261445E800C28DD1 /* Base */,
			);
			name = Main.storyboard;
			sourceTree = "<group>";
		};
		1FB90AD2261445EA00C28DD1 /* LaunchScreen.storyboard */ = {
			isa = PBXVariantGroup;
			children = (
				1FB90AD3261445EA00C28DD1 /* Base */,
			);
			name = LaunchScreen.storyboard;
			sourceTree = "<group>";
		};
/* End PBXVariantGroup section */

/* Begin XCBuildConfiguration section */
		1FB90AD6261445EA00C28DD1 /* Debug */ = {
			isa = XCBuildConfiguration;
			buildSettings = {
				ALWAYS_SEARCH_USER_PATHS = NO;
				CLANG_ANALYZER_NONNULL = YES;
				CLANG_ANALYZER_NUMBER_OBJECT_CONVERSION = YES_AGGRESSIVE;
				CLANG_CXX_LANGUAGE_STANDARD = "gnu++14";
				CLANG_CXX_LIBRARY = "libc++";
				CLANG_ENABLE_MODULES = YES;
				CLANG_ENABLE_OBJC_ARC = YES;
				CLANG_ENABLE_OBJC_WEAK = YES;
				CLANG_WARN_BLOCK_CAPTURE_AUTORELEASING = YES;
				CLANG_WARN_BOOL_CONVERSION = YES;
				CLANG_WARN_COMMA = YES;
				CLANG_WARN_CONSTANT_CONVERSION = YES;
				CLANG_WARN_DEPRECATED_OBJC_IMPLEMENTATIONS = YES;
				CLANG_WARN_DIRECT_OBJC_ISA_USAGE = YES_ERROR;
				CLANG_WARN_DOCUMENTATION_COMMENTS = YES;
				CLANG_WARN_EMPTY_BODY = YES;
				CLANG_WARN_ENUM_CONVERSION = YES;
				CLANG_WARN_INFINITE_RECURSION = YES;
				CLANG_WARN_INT_CONVERSION = YES;
				CLANG_WARN_NON_LITERAL_NULL_CONVERSION = YES;
				CLANG_WARN_OBJC_IMPLICIT_RETAIN_SELF = YES;
				CLANG_WARN_OBJC_LITERAL_CONVERSION = YES;
				CLANG_WARN_OBJC_ROOT_CLASS = YES_ERROR;
				CLANG_WARN_QUOTED_INCLUDE_IN_FRAMEWORK_HEADER = YES;
				CLANG_WARN_RANGE_LOOP_ANALYSIS = YES;
				CLANG_WARN_STRICT_PROTOTYPES = YES;
				CLANG_WARN_SUSPICIOUS_MOVE = YES;
				CLANG_WARN_UNGUARDED_AVAILABILITY = YES_AGGRESSIVE;
				CLANG_WARN_UNREACHABLE_CODE = YES;
				CLANG_WARN__DUPLICATE_METHOD_MATCH = YES;
				COPY_PHASE_STRIP = NO;
				DEBUG_INFORMATION_FORMAT = dwarf;
				ENABLE_STRICT_OBJC_MSGSEND = YES;
				ENABLE_TESTABILITY = YES;
				GCC_C_LANGUAGE_STANDARD = gnu11;
				GCC_DYNAMIC_NO_PIC = NO;
				GCC_NO_COMMON_BLOCKS = YES;
				GCC_OPTIMIZATION_LEVEL = 0;
				GCC_PREPROCESSOR_DEFINITIONS = (
					"DEBUG=1",
					"$(inherited)",
				);
				GCC_WARN_64_TO_32_BIT_CONVERSION = YES;
				GCC_WARN_ABOUT_RETURN_TYPE = YES_ERROR;
				GCC_WARN_UNDECLARED_SELECTOR = YES;
				GCC_WARN_UNINITIALIZED_AUTOS = YES_AGGRESSIVE;
				GCC_WARN_UNUSED_FUNCTION = YES;
				GCC_WARN_UNUSED_VARIABLE = YES;
				IPHONEOS_DEPLOYMENT_TARGET = 14.4;
				MTL_ENABLE_DEBUG_INFO = INCLUDE_SOURCE;
				MTL_FAST_MATH = YES;
				ONLY_ACTIVE_ARCH = YES;
				SDKROOT = iphoneos;
				SWIFT_ACTIVE_COMPILATION_CONDITIONS = DEBUG;
				SWIFT_OPTIMIZATION_LEVEL = "-Onone";
			};
			name = Debug;
		};
		1FB90AD7261445EA00C28DD1 /* Release */ = {
			isa = XCBuildConfiguration;
			buildSettings = {
				ALWAYS_SEARCH_USER_PATHS = NO;
				CLANG_ANALYZER_NONNULL = YES;
				CLANG_ANALYZER_NUMBER_OBJECT_CONVERSION = YES_AGGRESSIVE;
				CLANG_CXX_LANGUAGE_STANDARD = "gnu++14";
				CLANG_CXX_LIBRARY = "libc++";
				CLANG_ENABLE_MODULES = YES;
				CLANG_ENABLE_OBJC_ARC = YES;
				CLANG_ENABLE_OBJC_WEAK = YES;
				CLANG_WARN_BLOCK_CAPTURE_AUTORELEASING = YES;
				CLANG_WARN_BOOL_CONVERSION = YES;
				CLANG_WARN_COMMA = YES;
				CLANG_WARN_CONSTANT_CONVERSION = YES;
				CLANG_WARN_DEPRECATED_OBJC_IMPLEMENTATIONS = YES;
				CLANG_WARN_DIRECT_OBJC_ISA_USAGE = YES_ERROR;
				CLANG_WARN_DOCUMENTATION_COMMENTS = YES;
				CLANG_WARN_EMPTY_BODY = YES;
				CLANG_WARN_ENUM_CONVERSION = YES;
				CLANG_WARN_INFINITE_RECURSION = YES;
				CLANG_WARN_INT_CONVERSION = YES;
				CLANG_WARN_NON_LITERAL_NULL_CONVERSION = YES;
				CLANG_WARN_OBJC_IMPLICIT_RETAIN_SELF = YES;
				CLANG_WARN_OBJC_LITERAL_CONVERSION = YES;
				CLANG_WARN_OBJC_ROOT_CLASS = YES_ERROR;
				CLANG_WARN_QUOTED_INCLUDE_IN_FRAMEWORK_HEADER = YES;
				CLANG_WARN_RANGE_LOOP_ANALYSIS = YES;
				CLANG_WARN_STRICT_PROTOTYPES = YES;
				CLANG_WARN_SUSPICIOUS_MOVE = YES;
				CLANG_WARN_UNGUARDED_AVAILABILITY = YES_AGGRESSIVE;
				CLANG_WARN_UNREACHABLE_CODE = YES;
				CLANG_WARN__DUPLICATE_METHOD_MATCH = YES;
				COPY_PHASE_STRIP = NO;
				DEBUG_INFORMATION_FORMAT = "dwarf-with-dsym";
				ENABLE_NS_ASSERTIONS = NO;
				ENABLE_STRICT_OBJC_MSGSEND = YES;
				GCC_C_LANGUAGE_STANDARD = gnu11;
				GCC_NO_COMMON_BLOCKS = YES;
				GCC_WARN_64_TO_32_BIT_CONVERSION = YES;
				GCC_WARN_ABOUT_RETURN_TYPE = YES_ERROR;
				GCC_WARN_UNDECLARED_SELECTOR = YES;
				GCC_WARN_UNINITIALIZED_AUTOS = YES_AGGRESSIVE;
				GCC_WARN_UNUSED_FUNCTION = YES;
				GCC_WARN_UNUSED_VARIABLE = YES;
				IPHONEOS_DEPLOYMENT_TARGET = 14.4;
				MTL_ENABLE_DEBUG_INFO = NO;
				MTL_FAST_MATH = YES;
				SDKROOT = iphoneos;
				SWIFT_COMPILATION_MODE = wholemodule;
				SWIFT_OPTIMIZATION_LEVEL = "-O";
				VALIDATE_PRODUCT = YES;
			};
			name = Release;
		};
		1FB90AD9261445EA00C28DD1 /* Debug */ = {
			isa = XCBuildConfiguration;
			buildSettings = {
				ASSETCATALOG_COMPILER_APPICON_NAME = AppIcon;
				ASSETCATALOG_COMPILER_GLOBAL_ACCENT_COLOR_NAME = AccentColor;
				CODE_SIGN_STYLE = Automatic;
				INFOPLIST_FILE = "OpenGLES05-纹理贴图/Info.plist";
				LD_RUNPATH_SEARCH_PATHS = (
					"$(inherited)",
					"@executable_path/Frameworks",
				);
				PRODUCT_BUNDLE_IDENTIFIER = "com.vnision.inch.OpenGLES05-----";
				PRODUCT_NAME = "$(TARGET_NAME)";
				SWIFT_VERSION = 5.0;
				TARGETED_DEVICE_FAMILY = "1,2";
			};
			name = Debug;
		};
		1FB90ADA261445EA00C28DD1 /* Release */ = {
			isa = XCBuildConfiguration;
			buildSettings = {
				ASSETCATALOG_COMPILER_APPICON_NAME = AppIcon;
				ASSETCATALOG_COMPILER_GLOBAL_ACCENT_COLOR_NAME = AccentColor;
				CODE_SIGN_STYLE = Automatic;
				INFOPLIST_FILE = "OpenGLES05-纹理贴图/Info.plist";
				LD_RUNPATH_SEARCH_PATHS = (
					"$(inherited)",
					"@executable_path/Frameworks",
				);
				PRODUCT_BUNDLE_IDENTIFIER = "com.vnision.inch.OpenGLES05-----";
				PRODUCT_NAME = "$(TARGET_NAME)";
				SWIFT_VERSION = 5.0;
				TARGETED_DEVICE_FAMILY = "1,2";
			};
			name = Release;
		};
/* End XCBuildConfiguration section */

/* Begin XCConfigurationList section */
		1FB90ABF261445E800C28DD1 /* Build configuration list for PBXProject "OpenGLES05-纹理贴图" */ = {
			isa = XCConfigurationList;
			buildConfigurations = (
				1FB90AD6261445EA00C28DD1 /* Debug */,
				1FB90AD7261445EA00C28DD1 /* Release */,
			);
			defaultConfigurationIsVisible = 0;
			defaultConfigurationName = Release;
		};
		1FB90AD8261445EA00C28DD1 /* Build configuration list for PBXNativeTarget "OpenGLES05-纹理贴图" */ = {
			isa = XCConfigurationList;
			buildConfigurations = (
				1FB90AD9261445EA00C28DD1 /* Debug */,
				1FB90ADA261445EA00C28DD1 /* Release */,
			);
			defaultConfigurationIsVisible = 0;
			defaultConfigurationName = Release;
		};
/* End XCConfigurationList section */
	};
	rootObject = 1FB90ABC261445E800C28DD1 /* Project object */;
}
