// !$*UTF8*$!
{
	archiveVersion = 1;
	classes = {
	};
	objectVersion = 50;
	objects = {

/* Begin PBXBuildFile section */
		1F760D24261062ED00C6BD23 /* AppDelegate.swift in Sources */ = {isa = PBXBuildFile; fileRef = 1F760D23261062ED00C6BD23 /* AppDelegate.swift */; };
		1F760D26261062ED00C6BD23 /* SceneDelegate.swift in Sources */ = {isa = PBXBuildFile; fileRef = 1F760D25261062ED00C6BD23 /* SceneDelegate.swift */; };
		1F760D28261062ED00C6BD23 /* ViewController.swift in Sources */ = {isa = PBXBuildFile; fileRef = 1F760D27261062ED00C6BD23 /* ViewController.swift */; };
		1F760D2B261062ED00C6BD23 /* Main.storyboard in Resources */ = {isa = PBXBuildFile; fileRef = 1F760D29261062ED00C6BD23 /* Main.storyboard */; };
		1F760D2D261062EE00C6BD23 /* Assets.xcassets in Resources */ = {isa = PBXBuildFile; fileRef = 1F760D2C261062EE00C6BD23 /* Assets.xcassets */; };
		1F760D30261062EE00C6BD23 /* LaunchScreen.storyboard in Resources */ = {isa = PBXBuildFile; fileRef = 1F760D2E261062EE00C6BD23 /* LaunchScreen.storyboard */; };
		1F760D3D2610630C00C6BD23 /* OpenGLESView.swift in Sources */ = {isa = PBXBuildFile; fileRef = 1F760D382610630C00C6BD23 /* OpenGLESView.swift */; };
		1F760D3E2610630C00C6BD23 /* vert.vsh in Resources */ = {isa = PBXBuildFile; fileRef = 1F760D3A2610630C00C6BD23 /* vert.vsh */; };
		1F760D3F2610630C00C6BD23 /* frag.fsh in Resources */ = {isa = PBXBuildFile; fileRef = 1F760D3B2610630C00C6BD23 /* frag.fsh */; };
		1F760D402610630C00C6BD23 /* ShaderUtil.swift in Sources */ = {isa = PBXBuildFile; fileRef = 1F760D3C2610630C00C6BD23 /* ShaderUtil.swift */; };
/* End PBXBuildFile section */

/* Begin PBXFileReference section */
		1F760D20261062ED00C6BD23 /* OpenGLES03-圆形绘制.app */ = {isa = PBXFileReference; explicitFileType = wrapper.application; includeInIndex = 0; path = "OpenGLES03-圆形绘制.app"; sourceTree = BUILT_PRODUCTS_DIR; };
		1F760D23261062ED00C6BD23 /* AppDelegate.swift */ = {isa = PBXFileReference; lastKnownFileType = sourcecode.swift; path = AppDelegate.swift; sourceTree = "<group>"; };
		1F760D25261062ED00C6BD23 /* SceneDelegate.swift */ = {isa = PBXFileReference; lastKnownFileType = sourcecode.swift; path = SceneDelegate.swift; sourceTree = "<group>"; };
		1F760D27261062ED00C6BD23 /* ViewController.swift */ = {isa = PBXFileReference; lastKnownFileType = sourcecode.swift; path = ViewController.swift; sourceTree = "<group>"; };
		1F760D2A261062ED00C6BD23 /* Base */ = {isa = PBXFileReference; lastKnownFileType = file.storyboard; name = Base; path = Base.lproj/Main.storyboard; sourceTree = "<group>"; };
		1F760D2C261062EE00C6BD23 /* Assets.xcassets */ = {isa = PBXFileReference; lastKnownFileType = folder.assetcatalog; path = Assets.xcassets; sourceTree = "<group>"; };
		1F760D2F261062EE00C6BD23 /* Base */ = {isa = PBXFileReference; lastKnownFileType = file.storyboard; name = Base; path = Base.lproj/LaunchScreen.storyboard; sourceTree = "<group>"; };
		1F760D31261062EE00C6BD23 /* Info.plist */ = {isa = PBXFileReference; lastKnownFileType = text.plist.xml; path = Info.plist; sourceTree = "<group>"; };
		1F760D382610630C00C6BD23 /* OpenGLESView.swift */ = {isa = PBXFileReference; fileEncoding = 4; lastKnownFileType = sourcecode.swift; path = OpenGLESView.swift; sourceTree = "<group>"; };
		1F760D3A2610630C00C6BD23 /* vert.vsh */ = {isa = PBXFileReference; fileEncoding = 4; lastKnownFileType = sourcecode.glsl; path = vert.vsh; sourceTree = "<group>"; };
		1F760D3B2610630C00C6BD23 /* frag.fsh */ = {isa = PBXFileReference; fileEncoding = 4; lastKnownFileType = sourcecode.glsl; path = frag.fsh; sourceTree = "<group>"; };
		1F760D3C2610630C00C6BD23 /* ShaderUtil.swift */ = {isa = PBXFileReference; fileEncoding = 4; lastKnownFileType = sourcecode.swift; path = ShaderUtil.swift; sourceTree = "<group>"; };
/* End PBXFileReference section */

/* Begin PBXFrameworksBuildPhase section */
		1F760D1D261062ED00C6BD23 /* Frameworks */ = {
			isa = PBXFrameworksBuildPhase;
			buildActionMask = 2147483647;
			files = (
			);
			runOnlyForDeploymentPostprocessing = 0;
		};
/* End PBXFrameworksBuildPhase section */

/* Begin PBXGroup section */
		1F760D17261062ED00C6BD23 = {
			isa = PBXGroup;
			children = (
				1F760D22261062ED00C6BD23 /* OpenGLES03-圆形绘制 */,
				1F760D21261062ED00C6BD23 /* Products */,
			);
			sourceTree = "<group>";
		};
		1F760D21261062ED00C6BD23 /* Products */ = {
			isa = PBXGroup;
			children = (
				1F760D20261062ED00C6BD23 /* OpenGLES03-圆形绘制.app */,
			);
			name = Products;
			sourceTree = "<group>";
		};
		1F760D22261062ED00C6BD23 /* OpenGLES03-圆形绘制 */ = {
			isa = PBXGroup;
			children = (
				1F760D23261062ED00C6BD23 /* AppDelegate.swift */,
				1F760D25261062ED00C6BD23 /* SceneDelegate.swift */,
				1F760D27261062ED00C6BD23 /* ViewController.swift */,
				1F760D382610630C00C6BD23 /* OpenGLESView.swift */,
				1F760D392610630C00C6BD23 /* Shader */,
				1F760D29261062ED00C6BD23 /* Main.storyboard */,
				1F760D2C261062EE00C6BD23 /* Assets.xcassets */,
				1F760D2E261062EE00C6BD23 /* LaunchScreen.storyboard */,
				1F760D31261062EE00C6BD23 /* Info.plist */,
			);
			path = "OpenGLES03-圆形绘制";
			sourceTree = "<group>";
		};
		1F760D392610630C00C6BD23 /* Shader */ = {
			isa = PBXGroup;
			children = (
				1F760D3A2610630C00C6BD23 /* vert.vsh */,
				1F760D3B2610630C00C6BD23 /* frag.fsh */,
				1F760D3C2610630C00C6BD23 /* ShaderUtil.swift */,
			);
			path = Shader;
			sourceTree = "<group>";
		};
/* End PBXGroup section */

/* Begin PBXNativeTarget section */
		1F760D1F261062ED00C6BD23 /* OpenGLES03-圆形绘制 */ = {
			isa = PBXNativeTarget;
			buildConfigurationList = 1F760D34261062EE00C6BD23 /* Build configuration list for PBXNativeTarget "OpenGLES03-圆形绘制" */;
			buildPhases = (
				1F760D1C261062ED00C6BD23 /* Sources */,
				1F760D1D261062ED00C6BD23 /* Frameworks */,
				1F760D1E261062ED00C6BD23 /* Resources */,
			);
			buildRules = (
			);
			dependencies = (
			);
			name = "OpenGLES03-圆形绘制";
			productName = "OpenGLES03-圆形绘制";
			productReference = 1F760D20261062ED00C6BD23 /* OpenGLES03-圆形绘制.app */;
			productType = "com.apple.product-type.application";
		};
/* End PBXNativeTarget section */

/* Begin PBXProject section */
		1F760D18261062ED00C6BD23 /* Project object */ = {
			isa = PBXProject;
			attributes = {
				LastSwiftUpdateCheck = 1240;
				LastUpgradeCheck = 1240;
				TargetAttributes = {
					1F760D1F261062ED00C6BD23 = {
						CreatedOnToolsVersion = 12.4;
					};
				};
			};
			buildConfigurationList = 1F760D1B261062ED00C6BD23 /* Build configuration list for PBXProject "OpenGLES03-圆形绘制" */;
			compatibilityVersion = "Xcode 9.3";
			developmentRegion = en;
			hasScannedForEncodings = 0;
			knownRegions = (
				en,
				Base,
			);
			mainGroup = 1F760D17261062ED00C6BD23;
			productRefGroup = 1F760D21261062ED00C6BD23 /* Products */;
			projectDirPath = "";
			projectRoot = "";
			targets = (
				1F760D1F261062ED00C6BD23 /* OpenGLES03-圆形绘制 */,
			);
		};
/* End PBXProject section */

/* Begin PBXResourcesBuildPhase section */
		1F760D1E261062ED00C6BD23 /* Resources */ = {
			isa = PBXResourcesBuildPhase;
			buildActionMask = 2147483647;
			files = (
				1F760D30261062EE00C6BD23 /* LaunchScreen.storyboard in Resources */,
				1F760D2D261062EE00C6BD23 /* Assets.xcassets in Resources */,
				1F760D3E2610630C00C6BD23 /* vert.vsh in Resources */,
				1F760D3F2610630C00C6BD23 /* frag.fsh in Resources */,
				1F760D2B261062ED00C6BD23 /* Main.storyboard in Resources */,
			);
			runOnlyForDeploymentPostprocessing = 0;
		};
/* End PBXResourcesBuildPhase section */

/* Begin PBXSourcesBuildPhase section */
		1F760D1C261062ED00C6BD23 /* Sources */ = {
			isa = PBXSourcesBuildPhase;
			buildActionMask = 2147483647;
			files = (
				1F760D28261062ED00C6BD23 /* ViewController.swift in Sources */,
				1F760D3D2610630C00C6BD23 /* OpenGLESView.swift in Sources */,
				1F760D24261062ED00C6BD23 /* AppDelegate.swift in Sources */,
				1F760D26261062ED00C6BD23 /* SceneDelegate.swift in Sources */,
				1F760D402610630C00C6BD23 /* ShaderUtil.swift in Sources */,
			);
			runOnlyForDeploymentPostprocessing = 0;
		};
/* End PBXSourcesBuildPhase section */

/* Begin PBXVariantGroup section */
		1F760D29261062ED00C6BD23 /* Main.storyboard */ = {
			isa = PBXVariantGroup;
			children = (
				1F760D2A261062ED00C6BD23 /* Base */,
			);
			name = Main.storyboard;
			sourceTree = "<group>";
		};
		1F760D2E261062EE00C6BD23 /* LaunchScreen.storyboard */ = {
			isa = PBXVariantGroup;
			children = (
				1F760D2F261062EE00C6BD23 /* Base */,
			);
			name = LaunchScreen.storyboard;
			sourceTree = "<group>";
		};
/* End PBXVariantGroup section */

/* Begin XCBuildConfiguration section */
		1F760D32261062EE00C6BD23 /* Debug */ = {
			isa = XCBuildConfiguration;
			buildSettings = {
				ALWAYS_SEARCH_USER_PATHS = NO;
				CLANG_ANALYZER_NONNULL = YES;
				CLANG_ANALYZER_NUMBER_OBJECT_CONVERSION = YES_AGGRESSIVE;
				CLANG_CXX_LANGUAGE_STANDARD = "gnu++14";
				CLANG_CXX_LIBRARY = "libc++";
				CLANG_ENABLE_MODULES = YES;
				CLANG_ENABLE_OBJC_ARC = YES;
				CLANG_ENABLE_OBJC_WEAK = YES;
				CLANG_WARN_BLOCK_CAPTURE_AUTORELEASING = YES;
				CLANG_WARN_BOOL_CONVERSION = YES;
				CLANG_WARN_COMMA = YES;
				CLANG_WARN_CONSTANT_CONVERSION = YES;
				CLANG_WARN_DEPRECATED_OBJC_IMPLEMENTATIONS = YES;
				CLANG_WARN_DIRECT_OBJC_ISA_USAGE = YES_ERROR;
				CLANG_WARN_DOCUMENTATION_COMMENTS = YES;
				CLANG_WARN_EMPTY_BODY = YES;
				CLANG_WARN_ENUM_CONVERSION = YES;
				CLANG_WARN_INFINITE_RECURSION = YES;
				CLANG_WARN_INT_CONVERSION = YES;
				CLANG_WARN_NON_LITERAL_NULL_CONVERSION = YES;
				CLANG_WARN_OBJC_IMPLICIT_RETAIN_SELF = YES;
				CLANG_WARN_OBJC_LITERAL_CONVERSION = YES;
				CLANG_WARN_OBJC_ROOT_CLASS = YES_ERROR;
				CLANG_WARN_QUOTED_INCLUDE_IN_FRAMEWORK_HEADER = YES;
				CLANG_WARN_RANGE_LOOP_ANALYSIS = YES;
				CLANG_WARN_STRICT_PROTOTYPES = YES;
				CLANG_WARN_SUSPICIOUS_MOVE = YES;
				CLANG_WARN_UNGUARDED_AVAILABILITY = YES_AGGRESSIVE;
				CLANG_WARN_UNREACHABLE_CODE = YES;
				CLANG_WARN__DUPLICATE_METHOD_MATCH = YES;
				COPY_PHASE_STRIP = NO;
				DEBUG_INFORMATION_FORMAT = dwarf;
				ENABLE_STRICT_OBJC_MSGSEND = YES;
				ENABLE_TESTABILITY = YES;
				GCC_C_LANGUAGE_STANDARD = gnu11;
				GCC_DYNAMIC_NO_PIC = NO;
				GCC_NO_COMMON_BLOCKS = YES;
				GCC_OPTIMIZATION_LEVEL = 0;
				GCC_PREPROCESSOR_DEFINITIONS = (
					"DEBUG=1",
					"$(inherited)",
				);
				GCC_WARN_64_TO_32_BIT_CONVERSION = YES;
				GCC_WARN_ABOUT_RETURN_TYPE = YES_ERROR;
				GCC_WARN_UNDECLARED_SELECTOR = YES;
				GCC_WARN_UNINITIALIZED_AUTOS = YES_AGGRESSIVE;
				GCC_WARN_UNUSED_FUNCTION = YES;
				GCC_WARN_UNUSED_VARIABLE = YES;
				IPHONEOS_DEPLOYMENT_TARGET = 14.4;
				MTL_ENABLE_DEBUG_INFO = INCLUDE_SOURCE;
				MTL_FAST_MATH = YES;
				ONLY_ACTIVE_ARCH = YES;
				SDKROOT = iphoneos;
				SWIFT_ACTIVE_COMPILATION_CONDITIONS = DEBUG;
				SWIFT_OPTIMIZATION_LEVEL = "-Onone";
			};
			name = Debug;
		};
		1F760D33261062EE00C6BD23 /* Release */ = {
			isa = XCBuildConfiguration;
			buildSettings = {
				ALWAYS_SEARCH_USER_PATHS = NO;
				CLANG_ANALYZER_NONNULL = YES;
				CLANG_ANALYZER_NUMBER_OBJECT_CONVERSION = YES_AGGRESSIVE;
				CLANG_CXX_LANGUAGE_STANDARD = "gnu++14";
				CLANG_CXX_LIBRARY = "libc++";
				CLANG_ENABLE_MODULES = YES;
				CLANG_ENABLE_OBJC_ARC = YES;
				CLANG_ENABLE_OBJC_WEAK = YES;
				CLANG_WARN_BLOCK_CAPTURE_AUTORELEASING = YES;
				CLANG_WARN_BOOL_CONVERSION = YES;
				CLANG_WARN_COMMA = YES;
				CLANG_WARN_CONSTANT_CONVERSION = YES;
				CLANG_WARN_DEPRECATED_OBJC_IMPLEMENTATIONS = YES;
				CLANG_WARN_DIRECT_OBJC_ISA_USAGE = YES_ERROR;
				CLANG_WARN_DOCUMENTATION_COMMENTS = YES;
				CLANG_WARN_EMPTY_BODY = YES;
				CLANG_WARN_ENUM_CONVERSION = YES;
				CLANG_WARN_INFINITE_RECURSION = YES;
				CLANG_WARN_INT_CONVERSION = YES;
				CLANG_WARN_NON_LITERAL_NULL_CONVERSION = YES;
				CLANG_WARN_OBJC_IMPLICIT_RETAIN_SELF = YES;
				CLANG_WARN_OBJC_LITERAL_CONVERSION = YES;
				CLANG_WARN_OBJC_ROOT_CLASS = YES_ERROR;
				CLANG_WARN_QUOTED_INCLUDE_IN_FRAMEWORK_HEADER = YES;
				CLANG_WARN_RANGE_LOOP_ANALYSIS = YES;
				CLANG_WARN_STRICT_PROTOTYPES = YES;
				CLANG_WARN_SUSPICIOUS_MOVE = YES;
				CLANG_WARN_UNGUARDED_AVAILABILITY = YES_AGGRESSIVE;
				CLANG_WARN_UNREACHABLE_CODE = YES;
				CLANG_WARN__DUPLICATE_METHOD_MATCH = YES;
				COPY_PHASE_STRIP = NO;
				DEBUG_INFORMATION_FORMAT = "dwarf-with-dsym";
				ENABLE_NS_ASSERTIONS = NO;
				ENABLE_STRICT_OBJC_MSGSEND = YES;
				GCC_C_LANGUAGE_STANDARD = gnu11;
				GCC_NO_COMMON_BLOCKS = YES;
				GCC_WARN_64_TO_32_BIT_CONVERSION = YES;
				GCC_WARN_ABOUT_RETURN_TYPE = YES_ERROR;
				GCC_WARN_UNDECLARED_SELECTOR = YES;
				GCC_WARN_UNINITIALIZED_AUTOS = YES_AGGRESSIVE;
				GCC_WARN_UNUSED_FUNCTION = YES;
				GCC_WARN_UNUSED_VARIABLE = YES;
				IPHONEOS_DEPLOYMENT_TARGET = 14.4;
				MTL_ENABLE_DEBUG_INFO = NO;
				MTL_FAST_MATH = YES;
				SDKROOT = iphoneos;
				SWIFT_COMPILATION_MODE = wholemodule;
				SWIFT_OPTIMIZATION_LEVEL = "-O";
				VALIDATE_PRODUCT = YES;
			};
			name = Release;
		};
		1F760D35261062EE00C6BD23 /* Debug */ = {
			isa = XCBuildConfiguration;
			buildSettings = {
				ASSETCATALOG_COMPILER_APPICON_NAME = AppIcon;
				ASSETCATALOG_COMPILER_GLOBAL_ACCENT_COLOR_NAME = AccentColor;
				CODE_SIGN_STYLE = Automatic;
				INFOPLIST_FILE = "OpenGLES03-圆形绘制/Info.plist";
				LD_RUNPATH_SEARCH_PATHS = (
					"$(inherited)",
					"@executable_path/Frameworks",
				);
				PRODUCT_BUNDLE_IDENTIFIER = "com.vnision.inch.OpenGLES03-----";
				PRODUCT_NAME = "$(TARGET_NAME)";
				SWIFT_VERSION = 5.0;
				TARGETED_DEVICE_FAMILY = "1,2";
			};
			name = Debug;
		};
		1F760D36261062EE00C6BD23 /* Release */ = {
			isa = XCBuildConfiguration;
			buildSettings = {
				ASSETCATALOG_COMPILER_APPICON_NAME = AppIcon;
				ASSETCATALOG_COMPILER_GLOBAL_ACCENT_COLOR_NAME = AccentColor;
				CODE_SIGN_STYLE = Automatic;
				INFOPLIST_FILE = "OpenGLES03-圆形绘制/Info.plist";
				LD_RUNPATH_SEARCH_PATHS = (
					"$(inherited)",
					"@executable_path/Frameworks",
				);
				PRODUCT_BUNDLE_IDENTIFIER = "com.vnision.inch.OpenGLES03-----";
				PRODUCT_NAME = "$(TARGET_NAME)";
				SWIFT_VERSION = 5.0;
				TARGETED_DEVICE_FAMILY = "1,2";
			};
			name = Release;
		};
/* End XCBuildConfiguration section */

/* Begin XCConfigurationList section */
		1F760D1B261062ED00C6BD23 /* Build configuration list for PBXProject "OpenGLES03-圆形绘制" */ = {
			isa = XCConfigurationList;
			buildConfigurations = (
				1F760D32261062EE00C6BD23 /* Debug */,
				1F760D33261062EE00C6BD23 /* Release */,
			);
			defaultConfigurationIsVisible = 0;
			defaultConfigurationName = Release;
		};
		1F760D34261062EE00C6BD23 /* Build configuration list for PBXNativeTarget "OpenGLES03-圆形绘制" */ = {
			isa = XCConfigurationList;
			buildConfigurations = (
				1F760D35261062EE00C6BD23 /* Debug */,
				1F760D36261062EE00C6BD23 /* Release */,
			);
			defaultConfigurationIsVisible = 0;
			defaultConfigurationName = Release;
		};
/* End XCConfigurationList section */
	};
	rootObject = 1F760D18261062ED00C6BD23 /* Project object */;
}
