// !$*UTF8*$!
{
	archiveVersion = 1;
	classes = {
	};
	objectVersion = 50;
	objects = {

/* Begin PBXBuildFile section */
		1F760CC1261034CB00C6BD23 /* AppDelegate.swift in Sources */ = {isa = PBXBuildFile; fileRef = 1F760CC0261034CB00C6BD23 /* AppDelegate.swift */; };
		1F760CC3261034CB00C6BD23 /* SceneDelegate.swift in Sources */ = {isa = PBXBuildFile; fileRef = 1F760CC2261034CB00C6BD23 /* SceneDelegate.swift */; };
		1F760CC5261034CB00C6BD23 /* ViewController.swift in Sources */ = {isa = PBXBuildFile; fileRef = 1F760CC4261034CB00C6BD23 /* ViewController.swift */; };
		1F760CC8261034CB00C6BD23 /* Main.storyboard in Resources */ = {isa = PBXBuildFile; fileRef = 1F760CC6261034CB00C6BD23 /* Main.storyboard */; };
		1F760CCA261034CB00C6BD23 /* Assets.xcassets in Resources */ = {isa = PBXBuildFile; fileRef = 1F760CC9261034CB00C6BD23 /* Assets.xcassets */; };
		1F760CCD261034CB00C6BD23 /* LaunchScreen.storyboard in Resources */ = {isa = PBXBuildFile; fileRef = 1F760CCB261034CB00C6BD23 /* LaunchScreen.storyboard */; };
		1F760CD8261034CC00C6BD23 /* OpenGLES02____Tests.swift in Sources */ = {isa = PBXBuildFile; fileRef = 1F760CD7261034CC00C6BD23 /* OpenGLES02____Tests.swift */; };
		1F760CE3261034CC00C6BD23 /* OpenGLES02____UITests.swift in Sources */ = {isa = PBXBuildFile; fileRef = 1F760CE2261034CC00C6BD23 /* OpenGLES02____UITests.swift */; };
		1F760CF92610351100C6BD23 /* ShaderUtil.swift in Sources */ = {isa = PBXBuildFile; fileRef = 1F760CF82610351100C6BD23 /* ShaderUtil.swift */; };
		1F760D0626104C7800C6BD23 /* vert.glsl in Resources */ = {isa = PBXBuildFile; fileRef = 1F760D0526104C7800C6BD23 /* vert.glsl */; };
		1F760D0B26104C9500C6BD23 /* frag.glsl in Resources */ = {isa = PBXBuildFile; fileRef = 1F760D0A26104C9500C6BD23 /* frag.glsl */; };
		1F760D1326105FE400C6BD23 /* OpenGLESView.swift in Sources */ = {isa = PBXBuildFile; fileRef = 1F760D1226105FE400C6BD23 /* OpenGLESView.swift */; };
/* End PBXBuildFile section */

/* Begin PBXContainerItemProxy section */
		1F760CD4261034CC00C6BD23 /* PBXContainerItemProxy */ = {
			isa = PBXContainerItemProxy;
			containerPortal = 1F760CB5261034CB00C6BD23 /* Project object */;
			proxyType = 1;
			remoteGlobalIDString = 1F760CBC261034CB00C6BD23;
			remoteInfo = "OpenGLES02-着色器";
		};
		1F760CDF261034CC00C6BD23 /* PBXContainerItemProxy */ = {
			isa = PBXContainerItemProxy;
			containerPortal = 1F760CB5261034CB00C6BD23 /* Project object */;
			proxyType = 1;
			remoteGlobalIDString = 1F760CBC261034CB00C6BD23;
			remoteInfo = "OpenGLES02-着色器";
		};
/* End PBXContainerItemProxy section */

/* Begin PBXFileReference section */
		1F760CBD261034CB00C6BD23 /* OpenGLES02-着色器.app */ = {isa = PBXFileReference; explicitFileType = wrapper.application; includeInIndex = 0; path = "OpenGLES02-着色器.app"; sourceTree = BUILT_PRODUCTS_DIR; };
		1F760CC0261034CB00C6BD23 /* AppDelegate.swift */ = {isa = PBXFileReference; lastKnownFileType = sourcecode.swift; path = AppDelegate.swift; sourceTree = "<group>"; };
		1F760CC2261034CB00C6BD23 /* SceneDelegate.swift */ = {isa = PBXFileReference; lastKnownFileType = sourcecode.swift; path = SceneDelegate.swift; sourceTree = "<group>"; };
		1F760CC4261034CB00C6BD23 /* ViewController.swift */ = {isa = PBXFileReference; lastKnownFileType = sourcecode.swift; path = ViewController.swift; sourceTree = "<group>"; };
		1F760CC7261034CB00C6BD23 /* Base */ = {isa = PBXFileReference; lastKnownFileType = file.storyboard; name = Base; path = Base.lproj/Main.storyboard; sourceTree = "<group>"; };
		1F760CC9261034CB00C6BD23 /* Assets.xcassets */ = {isa = PBXFileReference; lastKnownFileType = folder.assetcatalog; path = Assets.xcassets; sourceTree = "<group>"; };
		1F760CCC261034CB00C6BD23 /* Base */ = {isa = PBXFileReference; lastKnownFileType = file.storyboard; name = Base; path = Base.lproj/LaunchScreen.storyboard; sourceTree = "<group>"; };
		1F760CCE261034CB00C6BD23 /* Info.plist */ = {isa = PBXFileReference; lastKnownFileType = text.plist.xml; path = Info.plist; sourceTree = "<group>"; };
		1F760CD3261034CC00C6BD23 /* OpenGLES02-着色器Tests.xctest */ = {isa = PBXFileReference; explicitFileType = wrapper.cfbundle; includeInIndex = 0; path = "OpenGLES02-着色器Tests.xctest"; sourceTree = BUILT_PRODUCTS_DIR; };
		1F760CD7261034CC00C6BD23 /* OpenGLES02____Tests.swift */ = {isa = PBXFileReference; lastKnownFileType = sourcecode.swift; path = "OpenGLES02____Tests.swift"; sourceTree = "<group>"; };
		1F760CD9261034CC00C6BD23 /* Info.plist */ = {isa = PBXFileReference; lastKnownFileType = text.plist.xml; path = Info.plist; sourceTree = "<group>"; };
		1F760CDE261034CC00C6BD23 /* OpenGLES02-着色器UITests.xctest */ = {isa = PBXFileReference; explicitFileType = wrapper.cfbundle; includeInIndex = 0; path = "OpenGLES02-着色器UITests.xctest"; sourceTree = BUILT_PRODUCTS_DIR; };
		1F760CE2261034CC00C6BD23 /* OpenGLES02____UITests.swift */ = {isa = PBXFileReference; lastKnownFileType = sourcecode.swift; path = "OpenGLES02____UITests.swift"; sourceTree = "<group>"; };
		1F760CE4261034CC00C6BD23 /* Info.plist */ = {isa = PBXFileReference; lastKnownFileType = text.plist.xml; path = Info.plist; sourceTree = "<group>"; };
		1F760CF82610351100C6BD23 /* ShaderUtil.swift */ = {isa = PBXFileReference; lastKnownFileType = sourcecode.swift; path = ShaderUtil.swift; sourceTree = "<group>"; };
		1F760D0526104C7800C6BD23 /* vert.glsl */ = {isa = PBXFileReference; lastKnownFileType = text; path = vert.glsl; sourceTree = "<group>"; };
		1F760D0A26104C9500C6BD23 /* frag.glsl */ = {isa = PBXFileReference; lastKnownFileType = text; path = frag.glsl; sourceTree = "<group>"; };
		1F760D1226105FE400C6BD23 /* OpenGLESView.swift */ = {isa = PBXFileReference; fileEncoding = 4; lastKnownFileType = sourcecode.swift; path = OpenGLESView.swift; sourceTree = "<group>"; };
/* End PBXFileReference section */

/* Begin PBXFrameworksBuildPhase section */
		1F760CBA261034CB00C6BD23 /* Frameworks */ = {
			isa = PBXFrameworksBuildPhase;
			buildActionMask = 2147483647;
			files = (
			);
			runOnlyForDeploymentPostprocessing = 0;
		};
		1F760CD0261034CC00C6BD23 /* Frameworks */ = {
			isa = PBXFrameworksBuildPhase;
			buildActionMask = 2147483647;
			files = (
			);
			runOnlyForDeploymentPostprocessing = 0;
		};
		1F760CDB261034CC00C6BD23 /* Frameworks */ = {
			isa = PBXFrameworksBuildPhase;
			buildActionMask = 2147483647;
			files = (
			);
			runOnlyForDeploymentPostprocessing = 0;
		};
/* End PBXFrameworksBuildPhase section */

/* Begin PBXGroup section */
		1F760CB4261034CB00C6BD23 = {
			isa = PBXGroup;
			children = (
				1F760CBF261034CB00C6BD23 /* OpenGLES02-着色器 */,
				1F760CD6261034CC00C6BD23 /* OpenGLES02-着色器Tests */,
				1F760CE1261034CC00C6BD23 /* OpenGLES02-着色器UITests */,
				1F760CBE261034CB00C6BD23 /* Products */,
			);
			sourceTree = "<group>";
		};
		1F760CBE261034CB00C6BD23 /* Products */ = {
			isa = PBXGroup;
			children = (
				1F760CBD261034CB00C6BD23 /* OpenGLES02-着色器.app */,
				1F760CD3261034CC00C6BD23 /* OpenGLES02-着色器Tests.xctest */,
				1F760CDE261034CC00C6BD23 /* OpenGLES02-着色器UITests.xctest */,
			);
			name = Products;
			sourceTree = "<group>";
		};
		1F760CBF261034CB00C6BD23 /* OpenGLES02-着色器 */ = {
			isa = PBXGroup;
			children = (
				1F760CC0261034CB00C6BD23 /* AppDelegate.swift */,
				1F760CC2261034CB00C6BD23 /* SceneDelegate.swift */,
				1F760CC4261034CB00C6BD23 /* ViewController.swift */,
				1F760D1226105FE400C6BD23 /* OpenGLESView.swift */,
				1F760CFD2610359200C6BD23 /* Shader */,
				1F760CF82610351100C6BD23 /* ShaderUtil.swift */,
				1F760CC6261034CB00C6BD23 /* Main.storyboard */,
				1F760CC9261034CB00C6BD23 /* Assets.xcassets */,
				1F760CCB261034CB00C6BD23 /* LaunchScreen.storyboard */,
				1F760CCE261034CB00C6BD23 /* Info.plist */,
			);
			path = "OpenGLES02-着色器";
			sourceTree = "<group>";
		};
		1F760CD6261034CC00C6BD23 /* OpenGLES02-着色器Tests */ = {
			isa = PBXGroup;
			children = (
				1F760CD7261034CC00C6BD23 /* OpenGLES02____Tests.swift */,
				1F760CD9261034CC00C6BD23 /* Info.plist */,
			);
			path = "OpenGLES02-着色器Tests";
			sourceTree = "<group>";
		};
		1F760CE1261034CC00C6BD23 /* OpenGLES02-着色器UITests */ = {
			isa = PBXGroup;
			children = (
				1F760CE2261034CC00C6BD23 /* OpenGLES02____UITests.swift */,
				1F760CE4261034CC00C6BD23 /* Info.plist */,
			);
			path = "OpenGLES02-着色器UITests";
			sourceTree = "<group>";
		};
		1F760CFD2610359200C6BD23 /* Shader */ = {
			isa = PBXGroup;
			children = (
				1F760D0526104C7800C6BD23 /* vert.glsl */,
				1F760D0A26104C9500C6BD23 /* frag.glsl */,
			);
			path = Shader;
			sourceTree = "<group>";
		};
/* End PBXGroup section */

/* Begin PBXNativeTarget section */
		1F760CBC261034CB00C6BD23 /* OpenGLES02-着色器 */ = {
			isa = PBXNativeTarget;
			buildConfigurationList = 1F760CE7261034CC00C6BD23 /* Build configuration list for PBXNativeTarget "OpenGLES02-着色器" */;
			buildPhases = (
				1F760CB9261034CB00C6BD23 /* Sources */,
				1F760CBA261034CB00C6BD23 /* Frameworks */,
				1F760CBB261034CB00C6BD23 /* Resources */,
			);
			buildRules = (
			);
			dependencies = (
			);
			name = "OpenGLES02-着色器";
			productName = "OpenGLES02-着色器";
			productReference = 1F760CBD261034CB00C6BD23 /* OpenGLES02-着色器.app */;
			productType = "com.apple.product-type.application";
		};
		1F760CD2261034CC00C6BD23 /* OpenGLES02-着色器Tests */ = {
			isa = PBXNativeTarget;
			buildConfigurationList = 1F760CEA261034CC00C6BD23 /* Build configuration list for PBXNativeTarget "OpenGLES02-着色器Tests" */;
			buildPhases = (
				1F760CCF261034CC00C6BD23 /* Sources */,
				1F760CD0261034CC00C6BD23 /* Frameworks */,
				1F760CD1261034CC00C6BD23 /* Resources */,
			);
			buildRules = (
			);
			dependencies = (
				1F760CD5261034CC00C6BD23 /* PBXTargetDependency */,
			);
			name = "OpenGLES02-着色器Tests";
			productName = "OpenGLES02-着色器Tests";
			productReference = 1F760CD3261034CC00C6BD23 /* OpenGLES02-着色器Tests.xctest */;
			productType = "com.apple.product-type.bundle.unit-test";
		};
		1F760CDD261034CC00C6BD23 /* OpenGLES02-着色器UITests */ = {
			isa = PBXNativeTarget;
			buildConfigurationList = 1F760CED261034CC00C6BD23 /* Build configuration list for PBXNativeTarget "OpenGLES02-着色器UITests" */;
			buildPhases = (
				1F760CDA261034CC00C6BD23 /* Sources */,
				1F760CDB261034CC00C6BD23 /* Frameworks */,
				1F760CDC261034CC00C6BD23 /* Resources */,
			);
			buildRules = (
			);
			dependencies = (
				1F760CE0261034CC00C6BD23 /* PBXTargetDependency */,
			);
			name = "OpenGLES02-着色器UITests";
			productName = "OpenGLES02-着色器UITests";
			productReference = 1F760CDE261034CC00C6BD23 /* OpenGLES02-着色器UITests.xctest */;
			productType = "com.apple.product-type.bundle.ui-testing";
		};
/* End PBXNativeTarget section */

/* Begin PBXProject section */
		1F760CB5261034CB00C6BD23 /* Project object */ = {
			isa = PBXProject;
			attributes = {
				LastSwiftUpdateCheck = 1240;
				LastUpgradeCheck = 1240;
				TargetAttributes = {
					1F760CBC261034CB00C6BD23 = {
						CreatedOnToolsVersion = 12.4;
					};
					1F760CD2261034CC00C6BD23 = {
						CreatedOnToolsVersion = 12.4;
						TestTargetID = 1F760CBC261034CB00C6BD23;
					};
					1F760CDD261034CC00C6BD23 = {
						CreatedOnToolsVersion = 12.4;
						TestTargetID = 1F760CBC261034CB00C6BD23;
					};
				};
			};
			buildConfigurationList = 1F760CB8261034CB00C6BD23 /* Build configuration list for PBXProject "OpenGLES02-着色器" */;
			compatibilityVersion = "Xcode 9.3";
			developmentRegion = en;
			hasScannedForEncodings = 0;
			knownRegions = (
				en,
				Base,
			);
			mainGroup = 1F760CB4261034CB00C6BD23;
			productRefGroup = 1F760CBE261034CB00C6BD23 /* Products */;
			projectDirPath = "";
			projectRoot = "";
			targets = (
				1F760CBC261034CB00C6BD23 /* OpenGLES02-着色器 */,
				1F760CD2261034CC00C6BD23 /* OpenGLES02-着色器Tests */,
				1F760CDD261034CC00C6BD23 /* OpenGLES02-着色器UITests */,
			);
		};
/* End PBXProject section */

/* Begin PBXResourcesBuildPhase section */
		1F760CBB261034CB00C6BD23 /* Resources */ = {
			isa = PBXResourcesBuildPhase;
			buildActionMask = 2147483647;
			files = (
				1F760CCD261034CB00C6BD23 /* LaunchScreen.storyboard in Resources */,
				1F760CCA261034CB00C6BD23 /* Assets.xcassets in Resources */,
				1F760D0626104C7800C6BD23 /* vert.glsl in Resources */,
				1F760D0B26104C9500C6BD23 /* frag.glsl in Resources */,
				1F760CC8261034CB00C6BD23 /* Main.storyboard in Resources */,
			);
			runOnlyForDeploymentPostprocessing = 0;
		};
		1F760CD1261034CC00C6BD23 /* Resources */ = {
			isa = PBXResourcesBuildPhase;
			buildActionMask = 2147483647;
			files = (
			);
			runOnlyForDeploymentPostprocessing = 0;
		};
		1F760CDC261034CC00C6BD23 /* Resources */ = {
			isa = PBXResourcesBuildPhase;
			buildActionMask = 2147483647;
			files = (
			);
			runOnlyForDeploymentPostprocessing = 0;
		};
/* End PBXResourcesBuildPhase section */

/* Begin PBXSourcesBuildPhase section */
		1F760CB9261034CB00C6BD23 /* Sources */ = {
			isa = PBXSourcesBuildPhase;
			buildActionMask = 2147483647;
			files = (
				1F760CC5261034CB00C6BD23 /* ViewController.swift in Sources */,
				1F760CC1261034CB00C6BD23 /* AppDelegate.swift in Sources */,
				1F760D1326105FE400C6BD23 /* OpenGLESView.swift in Sources */,
				1F760CC3261034CB00C6BD23 /* SceneDelegate.swift in Sources */,
				1F760CF92610351100C6BD23 /* ShaderUtil.swift in Sources */,
			);
			runOnlyForDeploymentPostprocessing = 0;
		};
		1F760CCF261034CC00C6BD23 /* Sources */ = {
			isa = PBXSourcesBuildPhase;
			buildActionMask = 2147483647;
			files = (
				1F760CD8261034CC00C6BD23 /* OpenGLES02____Tests.swift in Sources */,
			);
			runOnlyForDeploymentPostprocessing = 0;
		};
		1F760CDA261034CC00C6BD23 /* Sources */ = {
			isa = PBXSourcesBuildPhase;
			buildActionMask = 2147483647;
			files = (
				1F760CE3261034CC00C6BD23 /* OpenGLES02____UITests.swift in Sources */,
			);
			runOnlyForDeploymentPostprocessing = 0;
		};
/* End PBXSourcesBuildPhase section */

/* Begin PBXTargetDependency section */
		1F760CD5261034CC00C6BD23 /* PBXTargetDependency */ = {
			isa = PBXTargetDependency;
			target = 1F760CBC261034CB00C6BD23 /* OpenGLES02-着色器 */;
			targetProxy = 1F760CD4261034CC00C6BD23 /* PBXContainerItemProxy */;
		};
		1F760CE0261034CC00C6BD23 /* PBXTargetDependency */ = {
			isa = PBXTargetDependency;
			target = 1F760CBC261034CB00C6BD23 /* OpenGLES02-着色器 */;
			targetProxy = 1F760CDF261034CC00C6BD23 /* PBXContainerItemProxy */;
		};
/* End PBXTargetDependency section */

/* Begin PBXVariantGroup section */
		1F760CC6261034CB00C6BD23 /* Main.storyboard */ = {
			isa = PBXVariantGroup;
			children = (
				1F760CC7261034CB00C6BD23 /* Base */,
			);
			name = Main.storyboard;
			sourceTree = "<group>";
		};
		1F760CCB261034CB00C6BD23 /* LaunchScreen.storyboard */ = {
			isa = PBXVariantGroup;
			children = (
				1F760CCC261034CB00C6BD23 /* Base */,
			);
			name = LaunchScreen.storyboard;
			sourceTree = "<group>";
		};
/* End PBXVariantGroup section */

/* Begin XCBuildConfiguration section */
		1F760CE5261034CC00C6BD23 /* Debug */ = {
			isa = XCBuildConfiguration;
			buildSettings = {
				ALWAYS_SEARCH_USER_PATHS = NO;
				CLANG_ANALYZER_NONNULL = YES;
				CLANG_ANALYZER_NUMBER_OBJECT_CONVERSION = YES_AGGRESSIVE;
				CLANG_CXX_LANGUAGE_STANDARD = "gnu++14";
				CLANG_CXX_LIBRARY = "libc++";
				CLANG_ENABLE_MODULES = YES;
				CLANG_ENABLE_OBJC_ARC = YES;
				CLANG_ENABLE_OBJC_WEAK = YES;
				CLANG_WARN_BLOCK_CAPTURE_AUTORELEASING = YES;
				CLANG_WARN_BOOL_CONVERSION = YES;
				CLANG_WARN_COMMA = YES;
				CLANG_WARN_CONSTANT_CONVERSION = YES;
				CLANG_WARN_DEPRECATED_OBJC_IMPLEMENTATIONS = YES;
				CLANG_WARN_DIRECT_OBJC_ISA_USAGE = YES_ERROR;
				CLANG_WARN_DOCUMENTATION_COMMENTS = YES;
				CLANG_WARN_EMPTY_BODY = YES;
				CLANG_WARN_ENUM_CONVERSION = YES;
				CLANG_WARN_INFINITE_RECURSION = YES;
				CLANG_WARN_INT_CONVERSION = YES;
				CLANG_WARN_NON_LITERAL_NULL_CONVERSION = YES;
				CLANG_WARN_OBJC_IMPLICIT_RETAIN_SELF = YES;
				CLANG_WARN_OBJC_LITERAL_CONVERSION = YES;
				CLANG_WARN_OBJC_ROOT_CLASS = YES_ERROR;
				CLANG_WARN_QUOTED_INCLUDE_IN_FRAMEWORK_HEADER = YES;
				CLANG_WARN_RANGE_LOOP_ANALYSIS = YES;
				CLANG_WARN_STRICT_PROTOTYPES = YES;
				CLANG_WARN_SUSPICIOUS_MOVE = YES;
				CLANG_WARN_UNGUARDED_AVAILABILITY = YES_AGGRESSIVE;
				CLANG_WARN_UNREACHABLE_CODE = YES;
				CLANG_WARN__DUPLICATE_METHOD_MATCH = YES;
				COPY_PHASE_STRIP = NO;
				DEBUG_INFORMATION_FORMAT = dwarf;
				ENABLE_STRICT_OBJC_MSGSEND = YES;
				ENABLE_TESTABILITY = YES;
				GCC_C_LANGUAGE_STANDARD = gnu11;
				GCC_DYNAMIC_NO_PIC = NO;
				GCC_NO_COMMON_BLOCKS = YES;
				GCC_OPTIMIZATION_LEVEL = 0;
				GCC_PREPROCESSOR_DEFINITIONS = (
					"DEBUG=1",
					"$(inherited)",
				);
				GCC_WARN_64_TO_32_BIT_CONVERSION = YES;
				GCC_WARN_ABOUT_RETURN_TYPE = YES_ERROR;
				GCC_WARN_UNDECLARED_SELECTOR = YES;
				GCC_WARN_UNINITIALIZED_AUTOS = YES_AGGRESSIVE;
				GCC_WARN_UNUSED_FUNCTION = YES;
				GCC_WARN_UNUSED_VARIABLE = YES;
				IPHONEOS_DEPLOYMENT_TARGET = 14.4;
				MTL_ENABLE_DEBUG_INFO = INCLUDE_SOURCE;
				MTL_FAST_MATH = YES;
				ONLY_ACTIVE_ARCH = YES;
				SDKROOT = iphoneos;
				SWIFT_ACTIVE_COMPILATION_CONDITIONS = DEBUG;
				SWIFT_OPTIMIZATION_LEVEL = "-Onone";
			};
			name = Debug;
		};
		1F760CE6261034CC00C6BD23 /* Release */ = {
			isa = XCBuildConfiguration;
			buildSettings = {
				ALWAYS_SEARCH_USER_PATHS = NO;
				CLANG_ANALYZER_NONNULL = YES;
				CLANG_ANALYZER_NUMBER_OBJECT_CONVERSION = YES_AGGRESSIVE;
				CLANG_CXX_LANGUAGE_STANDARD = "gnu++14";
				CLANG_CXX_LIBRARY = "libc++";
				CLANG_ENABLE_MODULES = YES;
				CLANG_ENABLE_OBJC_ARC = YES;
				CLANG_ENABLE_OBJC_WEAK = YES;
				CLANG_WARN_BLOCK_CAPTURE_AUTORELEASING = YES;
				CLANG_WARN_BOOL_CONVERSION = YES;
				CLANG_WARN_COMMA = YES;
				CLANG_WARN_CONSTANT_CONVERSION = YES;
				CLANG_WARN_DEPRECATED_OBJC_IMPLEMENTATIONS = YES;
				CLANG_WARN_DIRECT_OBJC_ISA_USAGE = YES_ERROR;
				CLANG_WARN_DOCUMENTATION_COMMENTS = YES;
				CLANG_WARN_EMPTY_BODY = YES;
				CLANG_WARN_ENUM_CONVERSION = YES;
				CLANG_WARN_INFINITE_RECURSION = YES;
				CLANG_WARN_INT_CONVERSION = YES;
				CLANG_WARN_NON_LITERAL_NULL_CONVERSION = YES;
				CLANG_WARN_OBJC_IMPLICIT_RETAIN_SELF = YES;
				CLANG_WARN_OBJC_LITERAL_CONVERSION = YES;
				CLANG_WARN_OBJC_ROOT_CLASS = YES_ERROR;
				CLANG_WARN_QUOTED_INCLUDE_IN_FRAMEWORK_HEADER = YES;
				CLANG_WARN_RANGE_LOOP_ANALYSIS = YES;
				CLANG_WARN_STRICT_PROTOTYPES = YES;
				CLANG_WARN_SUSPICIOUS_MOVE = YES;
				CLANG_WARN_UNGUARDED_AVAILABILITY = YES_AGGRESSIVE;
				CLANG_WARN_UNREACHABLE_CODE = YES;
				CLANG_WARN__DUPLICATE_METHOD_MATCH = YES;
				COPY_PHASE_STRIP = NO;
				DEBUG_INFORMATION_FORMAT = "dwarf-with-dsym";
				ENABLE_NS_ASSERTIONS = NO;
				ENABLE_STRICT_OBJC_MSGSEND = YES;
				GCC_C_LANGUAGE_STANDARD = gnu11;
				GCC_NO_COMMON_BLOCKS = YES;
				GCC_WARN_64_TO_32_BIT_CONVERSION = YES;
				GCC_WARN_ABOUT_RETURN_TYPE = YES_ERROR;
				GCC_WARN_UNDECLARED_SELECTOR = YES;
				GCC_WARN_UNINITIALIZED_AUTOS = YES_AGGRESSIVE;
				GCC_WARN_UNUSED_FUNCTION = YES;
				GCC_WARN_UNUSED_VARIABLE = YES;
				IPHONEOS_DEPLOYMENT_TARGET = 14.4;
				MTL_ENABLE_DEBUG_INFO = NO;
				MTL_FAST_MATH = YES;
				SDKROOT = iphoneos;
				SWIFT_COMPILATION_MODE = wholemodule;
				SWIFT_OPTIMIZATION_LEVEL = "-O";
				VALIDATE_PRODUCT = YES;
			};
			name = Release;
		};
		1F760CE8261034CC00C6BD23 /* Debug */ = {
			isa = XCBuildConfiguration;
			buildSettings = {
				ASSETCATALOG_COMPILER_APPICON_NAME = AppIcon;
				ASSETCATALOG_COMPILER_GLOBAL_ACCENT_COLOR_NAME = AccentColor;
				CODE_SIGN_STYLE = Automatic;
				INFOPLIST_FILE = "OpenGLES02-着色器/Info.plist";
				LD_RUNPATH_SEARCH_PATHS = (
					"$(inherited)",
					"@executable_path/Frameworks",
				);
				PRODUCT_BUNDLE_IDENTIFIER = "com.vnision.inch.OpenGLES02----";
				PRODUCT_NAME = "$(TARGET_NAME)";
				SWIFT_VERSION = 5.0;
				TARGETED_DEVICE_FAMILY = "1,2";
			};
			name = Debug;
		};
		1F760CE9261034CC00C6BD23 /* Release */ = {
			isa = XCBuildConfiguration;
			buildSettings = {
				ASSETCATALOG_COMPILER_APPICON_NAME = AppIcon;
				ASSETCATALOG_COMPILER_GLOBAL_ACCENT_COLOR_NAME = AccentColor;
				CODE_SIGN_STYLE = Automatic;
				INFOPLIST_FILE = "OpenGLES02-着色器/Info.plist";
				LD_RUNPATH_SEARCH_PATHS = (
					"$(inherited)",
					"@executable_path/Frameworks",
				);
				PRODUCT_BUNDLE_IDENTIFIER = "com.vnision.inch.OpenGLES02----";
				PRODUCT_NAME = "$(TARGET_NAME)";
				SWIFT_VERSION = 5.0;
				TARGETED_DEVICE_FAMILY = "1,2";
			};
			name = Release;
		};
		1F760CEB261034CC00C6BD23 /* Debug */ = {
			isa = XCBuildConfiguration;
			buildSettings = {
				ALWAYS_EMBED_SWIFT_STANDARD_LIBRARIES = YES;
				BUNDLE_LOADER = "$(TEST_HOST)";
				CODE_SIGN_STYLE = Automatic;
				INFOPLIST_FILE = "OpenGLES02-着色器Tests/Info.plist";
				IPHONEOS_DEPLOYMENT_TARGET = 14.4;
				LD_RUNPATH_SEARCH_PATHS = (
					"$(inherited)",
					"@executable_path/Frameworks",
					"@loader_path/Frameworks",
				);
				PRODUCT_BUNDLE_IDENTIFIER = "com.vnision.inch.OpenGLES02----Tests";
				PRODUCT_NAME = "$(TARGET_NAME)";
				SWIFT_VERSION = 5.0;
				TARGETED_DEVICE_FAMILY = "1,2";
				TEST_HOST = "$(BUILT_PRODUCTS_DIR)/OpenGLES02-着色器.app/OpenGLES02-着色器";
			};
			name = Debug;
		};
		1F760CEC261034CC00C6BD23 /* Release */ = {
			isa = XCBuildConfiguration;
			buildSettings = {
				ALWAYS_EMBED_SWIFT_STANDARD_LIBRARIES = YES;
				BUNDLE_LOADER = "$(TEST_HOST)";
				CODE_SIGN_STYLE = Automatic;
				INFOPLIST_FILE = "OpenGLES02-着色器Tests/Info.plist";
				IPHONEOS_DEPLOYMENT_TARGET = 14.4;
				LD_RUNPATH_SEARCH_PATHS = (
					"$(inherited)",
					"@executable_path/Frameworks",
					"@loader_path/Frameworks",
				);
				PRODUCT_BUNDLE_IDENTIFIER = "com.vnision.inch.OpenGLES02----Tests";
				PRODUCT_NAME = "$(TARGET_NAME)";
				SWIFT_VERSION = 5.0;
				TARGETED_DEVICE_FAMILY = "1,2";
				TEST_HOST = "$(BUILT_PRODUCTS_DIR)/OpenGLES02-着色器.app/OpenGLES02-着色器";
			};
			name = Release;
		};
		1F760CEE261034CC00C6BD23 /* Debug */ = {
			isa = XCBuildConfiguration;
			buildSettings = {
				ALWAYS_EMBED_SWIFT_STANDARD_LIBRARIES = YES;
				CODE_SIGN_STYLE = Automatic;
				INFOPLIST_FILE = "OpenGLES02-着色器UITests/Info.plist";
				LD_RUNPATH_SEARCH_PATHS = (
					"$(inherited)",
					"@executable_path/Frameworks",
					"@loader_path/Frameworks",
				);
				PRODUCT_BUNDLE_IDENTIFIER = "com.vnision.inch.OpenGLES02----UITests";
				PRODUCT_NAME = "$(TARGET_NAME)";
				SWIFT_VERSION = 5.0;
				TARGETED_DEVICE_FAMILY = "1,2";
				TEST_TARGET_NAME = "OpenGLES02-着色器";
			};
			name = Debug;
		};
		1F760CEF261034CC00C6BD23 /* Release */ = {
			isa = XCBuildConfiguration;
			buildSettings = {
				ALWAYS_EMBED_SWIFT_STANDARD_LIBRARIES = YES;
				CODE_SIGN_STYLE = Automatic;
				INFOPLIST_FILE = "OpenGLES02-着色器UITests/Info.plist";
				LD_RUNPATH_SEARCH_PATHS = (
					"$(inherited)",
					"@executable_path/Frameworks",
					"@loader_path/Frameworks",
				);
				PRODUCT_BUNDLE_IDENTIFIER = "com.vnision.inch.OpenGLES02----UITests";
				PRODUCT_NAME = "$(TARGET_NAME)";
				SWIFT_VERSION = 5.0;
				TARGETED_DEVICE_FAMILY = "1,2";
				TEST_TARGET_NAME = "OpenGLES02-着色器";
			};
			name = Release;
		};
/* End XCBuildConfiguration section */

/* Begin XCConfigurationList section */
		1F760CB8261034CB00C6BD23 /* Build configuration list for PBXProject "OpenGLES02-着色器" */ = {
			isa = XCConfigurationList;
			buildConfigurations = (
				1F760CE5261034CC00C6BD23 /* Debug */,
				1F760CE6261034CC00C6BD23 /* Release */,
			);
			defaultConfigurationIsVisible = 0;
			defaultConfigurationName = Release;
		};
		1F760CE7261034CC00C6BD23 /* Build configuration list for PBXNativeTarget "OpenGLES02-着色器" */ = {
			isa = XCConfigurationList;
			buildConfigurations = (
				1F760CE8261034CC00C6BD23 /* Debug */,
				1F760CE9261034CC00C6BD23 /* Release */,
			);
			defaultConfigurationIsVisible = 0;
			defaultConfigurationName = Release;
		};
		1F760CEA261034CC00C6BD23 /* Build configuration list for PBXNativeTarget "OpenGLES02-着色器Tests" */ = {
			isa = XCConfigurationList;
			buildConfigurations = (
				1F760CEB261034CC00C6BD23 /* Debug */,
				1F760CEC261034CC00C6BD23 /* Release */,
			);
			defaultConfigurationIsVisible = 0;
			defaultConfigurationName = Release;
		};
		1F760CED261034CC00C6BD23 /* Build configuration list for PBXNativeTarget "OpenGLES02-着色器UITests" */ = {
			isa = XCConfigurationList;
			buildConfigurations = (
				1F760CEE261034CC00C6BD23 /* Debug */,
				1F760CEF261034CC00C6BD23 /* Release */,
			);
			defaultConfigurationIsVisible = 0;
			defaultConfigurationName = Release;
		};
/* End XCConfigurationList section */
	};
	rootObject = 1F760CB5261034CB00C6BD23 /* Project object */;
}
